
Microsoft Visual Studio Solution File, Format Version 12.00
# Visual Studio 15
VisualStudioVersion = 15.0.26430.13
MinimumVisualStudioVersion = 10.0.40219.1
Project("{FAE04EC0-301F-11D3-BF4B-00C04F79EFBC}") = "RetailApp.WebApi", "RetailApp.WebApi\RetailApp.WebApi.csproj", "{32451B1A-A8BD-4638-A4E9-3404D3C59542}"
EndProject
Project("{FAE04EC0-301F-11D3-BF4B-00C04F79EFBC}") = "RetailApp.UnitTests", "RetailApp.UnitTests\RetailApp.UnitTests.csproj", "{FA6A9157-8D75-445C-A14D-E6DEAE35E0DF}"
EndProject
Project("{FAE04EC0-301F-11D3-BF4B-00C04F79EFBC}") = "RetailApp.Common", "RetailApp.Common\RetailApp.Common.csproj", "{0236EDD7-6E25-4D22-AD24-847D6FF28357}"
EndProject
Project("{FAE04EC0-301F-11D3-BF4B-00C04F79EFBC}") = "RetailApp.BusinessLogic", "RetailApp.BusinessLogic\RetailApp.BusinessLogic.csproj", "{1D785DEA-5FAF-4EC4-84F1-CD053B2EE559}"
EndProject
Global
	GlobalSection(SolutionConfigurationPlatforms) = preSolution
		Debug|Any CPU = Debug|Any CPU
		Release|Any CPU = Release|Any CPU
	EndGlobalSection
	GlobalSection(ProjectConfigurationPlatforms) = postSolution
		{32451B1A-A8BD-4638-A4E9-3404D3C59542}.Debug|Any CPU.ActiveCfg = Debug|Any CPU
		{32451B1A-A8BD-4638-A4E9-3404D3C59542}.Debug|Any CPU.Build.0 = Debug|Any CPU
		{32451B1A-A8BD-4638-A4E9-3404D3C59542}.Release|Any CPU.ActiveCfg = Release|Any CPU
		{32451B1A-A8BD-4638-A4E9-3404D3C59542}.Release|Any CPU.Build.0 = Release|Any CPU
		{FA6A9157-8D75-445C-A14D-E6DEAE35E0DF}.Debug|Any CPU.ActiveCfg = Debug|Any CPU
		{FA6A9157-8D75-445C-A14D-E6DEAE35E0DF}.Debug|Any CPU.Build.0 = Debug|Any CPU
		{FA6A9157-8D75-445C-A14D-E6DEAE35E0DF}.Release|Any CPU.ActiveCfg = Release|Any CPU
		{FA6A9157-8D75-445C-A14D-E6DEAE35E0DF}.Release|Any CPU.Build.0 = Release|Any CPU
		{0236EDD7-6E25-4D22-AD24-847D6FF28357}.Debug|Any CPU.ActiveCfg = Debug|Any CPU
		{0236EDD7-6E25-4D22-AD24-847D6FF28357}.Debug|Any CPU.Build.0 = Debug|Any CPU
		{0236EDD7-6E25-4D22-AD24-847D6FF28357}.Release|Any CPU.ActiveCfg = Release|Any CPU
		{0236EDD7-6E25-4D22-AD24-847D6FF28357}.Release|Any CPU.Build.0 = Release|Any CPU
		{1D785DEA-5FAF-4EC4-84F1-CD053B2EE559}.Debug|Any CPU.ActiveCfg = Debug|Any CPU
		{1D785DEA-5FAF-4EC4-84F1-CD053B2EE559}.Debug|Any CPU.Build.0 = Debug|Any CPU
		{1D785DEA-5FAF-4EC4-84F1-CD053B2EE559}.Release|Any CPU.ActiveCfg = Release|Any CPU
		{1D785DEA-5FAF-4EC4-84F1-CD053B2EE559}.Release|Any CPU.Build.0 = Release|Any CPU
	EndGlobalSection
	GlobalSection(SolutionProperties) = preSolution
		HideSolutionNode = FALSE
	EndGlobalSection
EndGlobal
